
Microsoft Visual Studio Solution File, Format Version 12.00
# Visual Studio Version 16
VisualStudioVersion = 16.0.30523.141
MinimumVisualStudioVersion = 10.0.40219.1
Project("{FAE04EC0-301F-11D3-BF4B-00C04F79EFBC}") = "sum of two numbers", "sum of two numbers\sum of two numbers.csproj", "{0F710357-FE94-4870-9259-0FCA3D5E13F1}"
EndProject
Global
	GlobalSection(SolutionConfigurationPlatforms) = preSolution
		Debug|Any CPU = Debug|Any CPU
		Release|Any CPU = Release|Any CPU
	EndGlobalSection
	GlobalSection(ProjectConfigurationPlatforms) = postSolution
		{0F710357-FE94-4870-9259-0FCA3D5E13F1}.Debug|Any CPU.ActiveCfg = Debug|Any CPU
		{0F710357-FE94-4870-9259-0FCA3D5E13F1}.Debug|Any CPU.Build.0 = Debug|Any CPU
		{0F710357-FE94-4870-9259-0FCA3D5E13F1}.Release|Any CPU.ActiveCfg = Release|Any CPU
		{0F710357-FE94-4870-9259-0FCA3D5E13F1}.Release|Any CPU.Build.0 = Release|Any CPU
	EndGlobalSection
	GlobalSection(SolutionProperties) = preSolution
		HideSolutionNode = FALSE
	EndGlobalSection
	GlobalSection(ExtensibilityGlobals) = postSolution
		SolutionGuid = {BC3F8BF1-8F13-4E13-A922-0CEFE5F3BD06}
	EndGlobalSection
EndGlobal
